
Microsoft Visual Studio Solution File, Format Version 12.00
# Visual Studio 15
VisualStudioVersion = 15.0.26430.6
MinimumVisualStudioVersion = 10.0.40219.1
Project("{8BC9CEB8-8B4A-11D0-8D11-00A0C91BC942}") = "TestComponent", "TestComponent\TestComponent.vcxproj", "{2FB9CF34-C101-404F-9523-D0D3C3D4B249}"
EndProject
Project("{8BC9CEB8-8B4A-11D0-8D11-00A0C91BC942}") = "DemoApplication", "DemoApplication\DemoApplication.vcxproj", "{E15C6C4F-96B3-45E4-8B7A-E088324863CC}"
EndProject
Project("{8BC9CEB8-8B4A-11D0-8D11-00A0C91BC942}") = "CD_Component", "CD_Component\CD_Component.vcxproj", "{360C3AD1-E296-4E89-AF48-C639797F4751}"
EndProject
Global
	GlobalSection(SolutionConfigurationPlatforms) = preSolution
		Debug|x64 = Debug|x64
		Debug|x86 = Debug|x86
		Release|x64 = Release|x64
		Release|x86 = Release|x86
	EndGlobalSection
	GlobalSection(ProjectConfigurationPlatforms) = postSolution
		{2FB9CF34-C101-404F-9523-D0D3C3D4B249}.Debug|x64.ActiveCfg = Debug|x64
		{2FB9CF34-C101-404F-9523-D0D3C3D4B249}.Debug|x64.Build.0 = Debug|x64
		{2FB9CF34-C101-404F-9523-D0D3C3D4B249}.Debug|x86.ActiveCfg = Debug|Win32
		{2FB9CF34-C101-404F-9523-D0D3C3D4B249}.Debug|x86.Build.0 = Debug|Win32
		{2FB9CF34-C101-404F-9523-D0D3C3D4B249}.Release|x64.ActiveCfg = Release|x64
		{2FB9CF34-C101-404F-9523-D0D3C3D4B249}.Release|x64.Build.0 = Release|x64
		{2FB9CF34-C101-404F-9523-D0D3C3D4B249}.Release|x86.ActiveCfg = Release|Win32
		{2FB9CF34-C101-404F-9523-D0D3C3D4B249}.Release|x86.Build.0 = Release|Win32
		{E15C6C4F-96B3-45E4-8B7A-E088324863CC}.Debug|x64.ActiveCfg = Debug|x64
		{E15C6C4F-96B3-45E4-8B7A-E088324863CC}.Debug|x64.Build.0 = Debug|x64
		{E15C6C4F-96B3-45E4-8B7A-E088324863CC}.Debug|x86.ActiveCfg = Debug|Win32
		{E15C6C4F-96B3-45E4-8B7A-E088324863CC}.Debug|x86.Build.0 = Debug|Win32
		{E15C6C4F-96B3-45E4-8B7A-E088324863CC}.Release|x64.ActiveCfg = Release|x64
		{E15C6C4F-96B3-45E4-8B7A-E088324863CC}.Release|x64.Build.0 = Release|x64
		{E15C6C4F-96B3-45E4-8B7A-E088324863CC}.Release|x86.ActiveCfg = Release|Win32
		{E15C6C4F-96B3-45E4-8B7A-E088324863CC}.Release|x86.Build.0 = Release|Win32
		{360C3AD1-E296-4E89-AF48-C639797F4751}.Debug|x64.ActiveCfg = Debug|x64
		{360C3AD1-E296-4E89-AF48-C639797F4751}.Debug|x64.Build.0 = Debug|x64
		{360C3AD1-E296-4E89-AF48-C639797F4751}.Debug|x86.ActiveCfg = Debug|Win32
		{360C3AD1-E296-4E89-AF48-C639797F4751}.Debug|x86.Build.0 = Debug|Win32
		{360C3AD1-E296-4E89-AF48-C639797F4751}.Release|x64.ActiveCfg = Release|x64
		{360C3AD1-E296-4E89-AF48-C639797F4751}.Release|x64.Build.0 = Release|x64
		{360C3AD1-E296-4E89-AF48-C639797F4751}.Release|x86.ActiveCfg = Release|Win32
		{360C3AD1-E296-4E89-AF48-C639797F4751}.Release|x86.Build.0 = Release|Win32
	EndGlobalSection
	GlobalSection(SolutionProperties) = preSolution
		HideSolutionNode = FALSE
	EndGlobalSection
EndGlobal
